
Microsoft Visual Studio Solution File, Format Version 12.00
# Visual Studio Version 17
VisualStudioVersion = 17.6.33829.357
MinimumVisualStudioVersion = 10.0.40219.1
Project("{8BC9CEB8-8B4A-11D0-8D11-00A0C91BC942}") = "study_project", "study_project\study_project.vcxproj", "{8ABD4189-960C-429D-BC38-81E9214D07E4}"
EndProject
Global
	GlobalSection(SolutionConfigurationPlatforms) = preSolution
		Debug|x64 = Debug|x64
		Debug|x86 = Debug|x86
		Release|x64 = Release|x64
		Release|x86 = Release|x86
	EndGlobalSection
	GlobalSection(ProjectConfigurationPlatforms) = postSolution
		{8ABD4189-960C-429D-BC38-81E9214D07E4}.Debug|x64.ActiveCfg = Debug|x64
		{8ABD4189-960C-429D-BC38-81E9214D07E4}.Debug|x64.Build.0 = Debug|x64
		{8ABD4189-960C-429D-BC38-81E9214D07E4}.Debug|x86.ActiveCfg = Debug|Win32
		{8ABD4189-960C-429D-BC38-81E9214D07E4}.Debug|x86.Build.0 = Debug|Win32
		{8ABD4189-960C-429D-BC38-81E9214D07E4}.Release|x64.ActiveCfg = Release|x64
		{8ABD4189-960C-429D-BC38-81E9214D07E4}.Release|x64.Build.0 = Release|x64
		{8ABD4189-960C-429D-BC38-81E9214D07E4}.Release|x86.ActiveCfg = Release|Win32
		{8ABD4189-960C-429D-BC38-81E9214D07E4}.Release|x86.Build.0 = Release|Win32
	EndGlobalSection
	GlobalSection(SolutionProperties) = preSolution
		HideSolutionNode = FALSE
	EndGlobalSection
	GlobalSection(ExtensibilityGlobals) = postSolution
		SolutionGuid = {0D8FFE6A-AAFF-4689-9F5F-D0EF8AEACD4C}
	EndGlobalSection
EndGlobal
